// !$*UTF8*$!
{
	archiveVersion = 1;
	classes = {
	};
	objectVersion = 56;
	objects = {

/* Begin PBXBuildFile section */
		C6E8737328E12286003E625D /* MusicleApp.swift in Sources */ = {isa = PBXBuildFile; fileRef = C6E8737228E12286003E625D /* MusicleApp.swift */; };
		C6E8737528E12286003E625D /* ContentView.swift in Sources */ = {isa = PBXBuildFile; fileRef = C6E8737428E12286003E625D /* ContentView.swift */; };
		C6E8737728E12288003E625D /* Assets.xcassets in Resources */ = {isa = PBXBuildFile; fileRef = C6E8737628E12288003E625D /* Assets.xcassets */; };
		C6E8737A28E12288003E625D /* Preview Assets.xcassets in Resources */ = {isa = PBXBuildFile; fileRef = C6E8737928E12288003E625D /* Preview Assets.xcassets */; };
		C6E8738128E12288003E625D /* BlurEffect.swift in Sources */ = {isa = PBXBuildFile; fileRef = C6E8738028E12288003E625D /* BlurEffect.swift */; };
		C6E8738328E134CF003E625D /* PlayerView.swift in Sources */ = {isa = PBXBuildFile; fileRef = C6E8738228E134CF003E625D /* PlayerView.swift */; };
		C6E8738528E13CFE003E625D /* GoogleService-Info.plist in Resources */ = {isa = PBXBuildFile; fileRef = C6E8738428E13CFE003E625D /* GoogleService-Info.plist */; };
		C6E8738728E14EAA003E625D /* Data.swift in Sources */ = {isa = PBXBuildFile; fileRef = C6E8738628E14EAA003E625D /* Data.swift */; };
		DE335E583598F5C4EA6E8575 /* Pods_Musicle.framework in Frameworks */ = {isa = PBXBuildFile; fileRef = 0DCDFB77CA99F725C4A747F2 /* Pods_Musicle.framework */; };
/* End PBXBuildFile section */

/* Begin PBXFileReference section */
		0DCDFB77CA99F725C4A747F2 /* Pods_Musicle.framework */ = {isa = PBXFileReference; explicitFileType = wrapper.framework; includeInIndex = 0; path = Pods_Musicle.framework; sourceTree = BUILT_PRODUCTS_DIR; };
		C6E8736F28E12286003E625D /* Musicle.app */ = {isa = PBXFileReference; explicitFileType = wrapper.application; includeInIndex = 0; path = Musicle.app; sourceTree = BUILT_PRODUCTS_DIR; };
		C6E8737228E12286003E625D /* MusicleApp.swift */ = {isa = PBXFileReference; lastKnownFileType = sourcecode.swift; path = MusicleApp.swift; sourceTree = "<group>"; };
		C6E8737428E12286003E625D /* ContentView.swift */ = {isa = PBXFileReference; lastKnownFileType = sourcecode.swift; path = ContentView.swift; sourceTree = "<group>"; };
		C6E8737628E12288003E625D /* Assets.xcassets */ = {isa = PBXFileReference; lastKnownFileType = folder.assetcatalog; path = Assets.xcassets; sourceTree = "<group>"; };
		C6E8737928E12288003E625D /* Preview Assets.xcassets */ = {isa = PBXFileReference; lastKnownFileType = folder.assetcatalog; path = "Preview Assets.xcassets"; sourceTree = "<group>"; };
		C6E8738028E12288003E625D /* BlurEffect.swift */ = {isa = PBXFileReference; lastKnownFileType = sourcecode.swift; path = BlurEffect.swift; sourceTree = "<group>"; };
		C6E8738228E134CF003E625D /* PlayerView.swift */ = {isa = PBXFileReference; lastKnownFileType = sourcecode.swift; path = PlayerView.swift; sourceTree = "<group>"; };
		C6E8738428E13CFE003E625D /* GoogleService-Info.plist */ = {isa = PBXFileReference; fileEncoding = 4; lastKnownFileType = text.plist.xml; name = "GoogleService-Info.plist"; path = "../../../Downloads/GoogleService-Info.plist"; sourceTree = "<group>"; };
		C6E8738628E14EAA003E625D /* Data.swift */ = {isa = PBXFileReference; lastKnownFileType = sourcecode.swift; path = Data.swift; sourceTree = "<group>"; };
		C6E8738828E162CA003E625D /* Info.plist */ = {isa = PBXFileReference; lastKnownFileType = text.plist; path = Info.plist; sourceTree = "<group>"; };
		CED287EED6F6E143C035635B /* Pods-Musicle.release.xcconfig */ = {isa = PBXFileReference; includeInIndex = 1; lastKnownFileType = text.xcconfig; name = "Pods-Musicle.release.xcconfig"; path = "Target Support Files/Pods-Musicle/Pods-Musicle.release.xcconfig"; sourceTree = "<group>"; };
		E4C88A35C736B22C0E5F7ADD /* Pods-Musicle.debug.xcconfig */ = {isa = PBXFileReference; includeInIndex = 1; lastKnownFileType = text.xcconfig; name = "Pods-Musicle.debug.xcconfig"; path = "Target Support Files/Pods-Musicle/Pods-Musicle.debug.xcconfig"; sourceTree = "<group>"; };
/* End PBXFileReference section */

/* Begin PBXFrameworksBuildPhase section */
		C6E8736C28E12286003E625D /* Frameworks */ = {
			isa = PBXFrameworksBuildPhase;
			buildActionMask = 2147483647;
			files = (
				DE335E583598F5C4EA6E8575 /* Pods_Musicle.framework in Frameworks */,
			);
			runOnlyForDeploymentPostprocessing = 0;
		};
/* End PBXFrameworksBuildPhase section */

/* Begin PBXGroup section */
		542CB33C1047E0BE4C895366 /* Frameworks */ = {
			isa = PBXGroup;
			children = (
				0DCDFB77CA99F725C4A747F2 /* Pods_Musicle.framework */,
			);
			name = Frameworks;
			sourceTree = "<group>";
		};
		B9137D6A99728145B5DCE75E /* Pods */ = {
			isa = PBXGroup;
			children = (
				E4C88A35C736B22C0E5F7ADD /* Pods-Musicle.debug.xcconfig */,
				CED287EED6F6E143C035635B /* Pods-Musicle.release.xcconfig */,
			);
			path = Pods;
			sourceTree = "<group>";
		};
		C6E8736628E12286003E625D = {
			isa = PBXGroup;
			children = (
				C6E8737128E12286003E625D /* Musicle */,
				C6E8737028E12286003E625D /* Products */,
				B9137D6A99728145B5DCE75E /* Pods */,
				542CB33C1047E0BE4C895366 /* Frameworks */,
			);
			sourceTree = "<group>";
		};
		C6E8737028E12286003E625D /* Products */ = {
			isa = PBXGroup;
			children = (
				C6E8736F28E12286003E625D /* Musicle.app */,
			);
			name = Products;
			sourceTree = "<group>";
		};
		C6E8737128E12286003E625D /* Musicle */ = {
			isa = PBXGroup;
			children = (
				C6E8738828E162CA003E625D /* Info.plist */,
				C6E8738428E13CFE003E625D /* GoogleService-Info.plist */,
				C6E8737228E12286003E625D /* MusicleApp.swift */,
				C6E8737428E12286003E625D /* ContentView.swift */,
				C6E8738628E14EAA003E625D /* Data.swift */,
				C6E8738228E134CF003E625D /* PlayerView.swift */,
				C6E8738028E12288003E625D /* BlurEffect.swift */,
				C6E8737628E12288003E625D /* Assets.xcassets */,
				C6E8737828E12288003E625D /* Preview Content */,
			);
			path = Musicle;
			sourceTree = "<group>";
		};
		C6E8737828E12288003E625D /* Preview Content */ = {
			isa = PBXGroup;
			children = (
				C6E8737928E12288003E625D /* Preview Assets.xcassets */,
			);
			path = "Preview Content";
			sourceTree = "<group>";
		};
/* End PBXGroup section */

/* Begin PBXNativeTarget section */
		C6E8736E28E12286003E625D /* Musicle */ = {
			isa = PBXNativeTarget;
			buildConfigurationList = C6E8737D28E12288003E625D /* Build configuration list for PBXNativeTarget "Musicle" */;
			buildPhases = (
				6FCEA8DB2F51F203D1258350 /* [CP] Check Pods Manifest.lock */,
				C6E8736B28E12286003E625D /* Sources */,
				C6E8736C28E12286003E625D /* Frameworks */,
				C6E8736D28E12286003E625D /* Resources */,
				1C555883CC4BADDCCC788F58 /* [CP] Embed Pods Frameworks */,
			);
			buildRules = (
			);
			dependencies = (
			);
			name = Musicle;
			productName = Musicle;
			productReference = C6E8736F28E12286003E625D /* Musicle.app */;
			productType = "com.apple.product-type.application";
		};
/* End PBXNativeTarget section */

/* Begin PBXProject section */
		C6E8736728E12286003E625D /* Project object */ = {
			isa = PBXProject;
			attributes = {
				BuildIndependentTargetsInParallel = 1;
				LastSwiftUpdateCheck = 1400;
				LastUpgradeCheck = 1400;
				TargetAttributes = {
					C6E8736E28E12286003E625D = {
						CreatedOnToolsVersion = 14.0;
					};
				};
			};
			buildConfigurationList = C6E8736A28E12286003E625D /* Build configuration list for PBXProject "Musicle" */;
			compatibilityVersion = "Xcode 14.0";
			developmentRegion = en;
			hasScannedForEncodings = 0;
			knownRegions = (
				en,
				Base,
			);
			mainGroup = C6E8736628E12286003E625D;
			productRefGroup = C6E8737028E12286003E625D /* Products */;
			projectDirPath = "";
			projectRoot = "";
			targets = (
				C6E8736E28E12286003E625D /* Musicle */,
			);
		};
/* End PBXProject section */

/* Begin PBXResourcesBuildPhase section */
		C6E8736D28E12286003E625D /* Resources */ = {
			isa = PBXResourcesBuildPhase;
			buildActionMask = 2147483647;
			files = (
				C6E8737A28E12288003E625D /* Preview Assets.xcassets in Resources */,
				C6E8737728E12288003E625D /* Assets.xcassets in Resources */,
				C6E8738528E13CFE003E625D /* GoogleService-Info.plist in Resources */,
			);
			runOnlyForDeploymentPostprocessing = 0;
		};
/* End PBXResourcesBuildPhase section */

/* Begin PBXShellScriptBuildPhase section */
		1C555883CC4BADDCCC788F58 /* [CP] Embed Pods Frameworks */ = {
			isa = PBXShellScriptBuildPhase;
			buildActionMask = 2147483647;
			files = (
			);
			inputFileListPaths = (
				"${PODS_ROOT}/Target Support Files/Pods-Musicle/Pods-Musicle-frameworks-${CONFIGURATION}-input-files.xcfilelist",
			);
			name = "[CP] Embed Pods Frameworks";
			outputFileListPaths = (
				"${PODS_ROOT}/Target Support Files/Pods-Musicle/Pods-Musicle-frameworks-${CONFIGURATION}-output-files.xcfilelist",
			);
			runOnlyForDeploymentPostprocessing = 0;
			shellPath = /bin/sh;
			shellScript = "\"${PODS_ROOT}/Target Support Files/Pods-Musicle/Pods-Musicle-frameworks.sh\"\n";
			showEnvVarsInLog = 0;
		};
		6FCEA8DB2F51F203D1258350 /* [CP] Check Pods Manifest.lock */ = {
			isa = PBXShellScriptBuildPhase;
			buildActionMask = 2147483647;
			files = (
			);
			inputFileListPaths = (
			);
			inputPaths = (
				"${PODS_PODFILE_DIR_PATH}/Podfile.lock",
				"${PODS_ROOT}/Manifest.lock",
			);
			name = "[CP] Check Pods Manifest.lock";
			outputFileListPaths = (
			);
			outputPaths = (
				"$(DERIVED_FILE_DIR)/Pods-Musicle-checkManifestLockResult.txt",
			);
			runOnlyForDeploymentPostprocessing = 0;
			shellPath = /bin/sh;
			shellScript = "diff \"${PODS_PODFILE_DIR_PATH}/Podfile.lock\" \"${PODS_ROOT}/Manifest.lock\" > /dev/null\nif [ $? != 0 ] ; then\n    # print error to STDERR\n    echo \"error: The sandbox is not in sync with the Podfile.lock. Run 'pod install' or update your CocoaPods installation.\" >&2\n    exit 1\nfi\n# This output is used by Xcode 'outputs' to avoid re-running this script phase.\necho \"SUCCESS\" > \"${SCRIPT_OUTPUT_FILE_0}\"\n";
			showEnvVarsInLog = 0;
		};
/* End PBXShellScriptBuildPhase section */

/* Begin PBXSourcesBuildPhase section */
		C6E8736B28E12286003E625D /* Sources */ = {
			isa = PBXSourcesBuildPhase;
			buildActionMask = 2147483647;
			files = (
				C6E8738128E12288003E625D /* BlurEffect.swift in Sources */,
				C6E8738728E14EAA003E625D /* Data.swift in Sources */,
				C6E8737528E12286003E625D /* ContentView.swift in Sources */,
				C6E8737328E12286003E625D /* MusicleApp.swift in Sources */,
				C6E8738328E134CF003E625D /* PlayerView.swift in Sources */,
			);
			runOnlyForDeploymentPostprocessing = 0;
		};
/* End PBXSourcesBuildPhase section */

/* Begin XCBuildConfiguration section */
		C6E8737B28E12288003E625D /* Debug */ = {
			isa = XCBuildConfiguration;
			buildSettings = {
				ALWAYS_SEARCH_USER_PATHS = NO;
				CLANG_ANALYZER_NONNULL = YES;
				CLANG_ANALYZER_NUMBER_OBJECT_CONVERSION = YES_AGGRESSIVE;
				CLANG_CXX_LANGUAGE_STANDARD = "gnu++20";
				CLANG_ENABLE_MODULES = YES;
				CLANG_ENABLE_OBJC_ARC = YES;
				CLANG_ENABLE_OBJC_WEAK = YES;
				CLANG_WARN_BLOCK_CAPTURE_AUTORELEASING = YES;
				CLANG_WARN_BOOL_CONVERSION = YES;
				CLANG_WARN_COMMA = YES;
				CLANG_WARN_CONSTANT_CONVERSION = YES;
				CLANG_WARN_DEPRECATED_OBJC_IMPLEMENTATIONS = YES;
				CLANG_WARN_DIRECT_OBJC_ISA_USAGE = YES_ERROR;
				CLANG_WARN_DOCUMENTATION_COMMENTS = YES;
				CLANG_WARN_EMPTY_BODY = YES;
				CLANG_WARN_ENUM_CONVERSION = YES;
				CLANG_WARN_INFINITE_RECURSION = YES;
				CLANG_WARN_INT_CONVERSION = YES;
				CLANG_WARN_NON_LITERAL_NULL_CONVERSION = YES;
				CLANG_WARN_OBJC_IMPLICIT_RETAIN_SELF = YES;
				CLANG_WARN_OBJC_LITERAL_CONVERSION = YES;
				CLANG_WARN_OBJC_ROOT_CLASS = YES_ERROR;
				CLANG_WARN_QUOTED_INCLUDE_IN_FRAMEWORK_HEADER = YES;
				CLANG_WARN_RANGE_LOOP_ANALYSIS = YES;
				CLANG_WARN_STRICT_PROTOTYPES = YES;
				CLANG_WARN_SUSPICIOUS_MOVE = YES;
				CLANG_WARN_UNGUARDED_AVAILABILITY = YES_AGGRESSIVE;
				CLANG_WARN_UNREACHABLE_CODE = YES;
				CLANG_WARN__DUPLICATE_METHOD_MATCH = YES;
				COPY_PHASE_STRIP = NO;
				DEBUG_INFORMATION_FORMAT = dwarf;
				ENABLE_STRICT_OBJC_MSGSEND = YES;
				ENABLE_TESTABILITY = YES;
				GCC_C_LANGUAGE_STANDARD = gnu11;
				GCC_DYNAMIC_NO_PIC = NO;
				GCC_NO_COMMON_BLOCKS = YES;
				GCC_OPTIMIZATION_LEVEL = 0;
				GCC_PREPROCESSOR_DEFINITIONS = (
					"DEBUG=1",
					"$(inherited)",
				);
				GCC_WARN_64_TO_32_BIT_CONVERSION = YES;
				GCC_WARN_ABOUT_RETURN_TYPE = YES_ERROR;
				GCC_WARN_UNDECLARED_SELECTOR = YES;
				GCC_WARN_UNINITIALIZED_AUTOS = YES_AGGRESSIVE;
				GCC_WARN_UNUSED_FUNCTION = YES;
				GCC_WARN_UNUSED_VARIABLE = YES;
				IPHONEOS_DEPLOYMENT_TARGET = 16.0;
				MTL_ENABLE_DEBUG_INFO = INCLUDE_SOURCE;
				MTL_FAST_MATH = YES;
				ONLY_ACTIVE_ARCH = YES;
				SDKROOT = iphoneos;
				SWIFT_ACTIVE_COMPILATION_CONDITIONS = DEBUG;
				SWIFT_OPTIMIZATION_LEVEL = "-Onone";
			};
			name = Debug;
		};
		C6E8737C28E12288003E625D /* Release */ = {
			isa = XCBuildConfiguration;
			buildSettings = {
				ALWAYS_SEARCH_USER_PATHS = NO;
				CLANG_ANALYZER_NONNULL = YES;
				CLANG_ANALYZER_NUMBER_OBJECT_CONVERSION = YES_AGGRESSIVE;
				CLANG_CXX_LANGUAGE_STANDARD = "gnu++20";
				CLANG_ENABLE_MODULES = YES;
				CLANG_ENABLE_OBJC_ARC = YES;
				CLANG_ENABLE_OBJC_WEAK = YES;
				CLANG_WARN_BLOCK_CAPTURE_AUTORELEASING = YES;
				CLANG_WARN_BOOL_CONVERSION = YES;
				CLANG_WARN_COMMA = YES;
				CLANG_WARN_CONSTANT_CONVERSION = YES;
				CLANG_WARN_DEPRECATED_OBJC_IMPLEMENTATIONS = YES;
				CLANG_WARN_DIRECT_OBJC_ISA_USAGE = YES_ERROR;
				CLANG_WARN_DOCUMENTATION_COMMENTS = YES;
				CLANG_WARN_EMPTY_BODY = YES;
				CLANG_WARN_ENUM_CONVERSION = YES;
				CLANG_WARN_INFINITE_RECURSION = YES;
				CLANG_WARN_INT_CONVERSION = YES;
				CLANG_WARN_NON_LITERAL_NULL_CONVERSION = YES;
				CLANG_WARN_OBJC_IMPLICIT_RETAIN_SELF = YES;
				CLANG_WARN_OBJC_LITERAL_CONVERSION = YES;
				CLANG_WARN_OBJC_ROOT_CLASS = YES_ERROR;
				CLANG_WARN_QUOTED_INCLUDE_IN_FRAMEWORK_HEADER = YES;
				CLANG_WARN_RANGE_LOOP_ANALYSIS = YES;
				CLANG_WARN_STRICT_PROTOTYPES = YES;
				CLANG_WARN_SUSPICIOUS_MOVE = YES;
				CLANG_WARN_UNGUARDED_AVAILABILITY = YES_AGGRESSIVE;
				CLANG_WARN_UNREACHABLE_CODE = YES;
				CLANG_WARN__DUPLICATE_METHOD_MATCH = YES;
				COPY_PHASE_STRIP = NO;
				DEBUG_INFORMATION_FORMAT = "dwarf-with-dsym";
				ENABLE_NS_ASSERTIONS = NO;
				ENABLE_STRICT_OBJC_MSGSEND = YES;
				GCC_C_LANGUAGE_STANDARD = gnu11;
				GCC_NO_COMMON_BLOCKS = YES;
				GCC_WARN_64_TO_32_BIT_CONVERSION = YES;
				GCC_WARN_ABOUT_RETURN_TYPE = YES_ERROR;
				GCC_WARN_UNDECLARED_SELECTOR = YES;
				GCC_WARN_UNINITIALIZED_AUTOS = YES_AGGRESSIVE;
				GCC_WARN_UNUSED_FUNCTION = YES;
				GCC_WARN_UNUSED_VARIABLE = YES;
				IPHONEOS_DEPLOYMENT_TARGET = 16.0;
				MTL_ENABLE_DEBUG_INFO = NO;
				MTL_FAST_MATH = YES;
				SDKROOT = iphoneos;
				SWIFT_COMPILATION_MODE = wholemodule;
				SWIFT_OPTIMIZATION_LEVEL = "-O";
				VALIDATE_PRODUCT = YES;
			};
			name = Release;
		};
		C6E8737E28E12288003E625D /* Debug */ = {
			isa = XCBuildConfiguration;
			baseConfigurationReference = E4C88A35C736B22C0E5F7ADD /* Pods-Musicle.debug.xcconfig */;
			buildSettings = {
				ASSETCATALOG_COMPILER_APPICON_NAME = AppIcon;
				ASSETCATALOG_COMPILER_GLOBAL_ACCENT_COLOR_NAME = AccentColor;
				CODE_SIGN_STYLE = Automatic;
				CURRENT_PROJECT_VERSION = 1;
				DEVELOPMENT_ASSET_PATHS = "\"Musicle/Preview Content\"";
				ENABLE_PREVIEWS = YES;
				GENERATE_INFOPLIST_FILE = YES;
				INFOPLIST_FILE = Musicle/Info.plist;
				INFOPLIST_KEY_UIApplicationSceneManifest_Generation = YES;
				INFOPLIST_KEY_UIApplicationSupportsIndirectInputEvents = YES;
				INFOPLIST_KEY_UILaunchScreen_Generation = YES;
				INFOPLIST_KEY_UISupportedInterfaceOrientations_iPad = "UIInterfaceOrientationPortrait UIInterfaceOrientationPortraitUpsideDown UIInterfaceOrientationLandscapeLeft UIInterfaceOrientationLandscapeRight";
				INFOPLIST_KEY_UISupportedInterfaceOrientations_iPhone = "UIInterfaceOrientationPortrait UIInterfaceOrientationLandscapeLeft UIInterfaceOrientationLandscapeRight";
				LD_RUNPATH_SEARCH_PATHS = (
					"$(inherited)",
					"@executable_path/Frameworks",
				);
				MARKETING_VERSION = 1.0;
				PRODUCT_BUNDLE_IDENTIFIER = Imanov.Musicle;
				PRODUCT_NAME = "$(TARGET_NAME)";
				SWIFT_EMIT_LOC_STRINGS = YES;
				SWIFT_VERSION = 5.0;
				TARGETED_DEVICE_FAMILY = "1,2";
			};
			name = Debug;
		};
		C6E8737F28E12288003E625D /* Release */ = {
			isa = XCBuildConfiguration;
			baseConfigurationReference = CED287EED6F6E143C035635B /* Pods-Musicle.release.xcconfig */;
			buildSettings = {
				ASSETCATALOG_COMPILER_APPICON_NAME = AppIcon;
				ASSETCATALOG_COMPILER_GLOBAL_ACCENT_COLOR_NAME = AccentColor;
				CODE_SIGN_STYLE = Automatic;
				CURRENT_PROJECT_VERSION = 1;
				DEVELOPMENT_ASSET_PATHS = "\"Musicle/Preview Content\"";
				ENABLE_PREVIEWS = YES;
				GENERATE_INFOPLIST_FILE = YES;
				INFOPLIST_FILE = Musicle/Info.plist;
				INFOPLIST_KEY_UIApplicationSceneManifest_Generation = YES;
				INFOPLIST_KEY_UIApplicationSupportsIndirectInputEvents = YES;
				INFOPLIST_KEY_UILaunchScreen_Generation = YES;
				INFOPLIST_KEY_UISupportedInterfaceOrientations_iPad = "UIInterfaceOrientationPortrait UIInterfaceOrientationPortraitUpsideDown UIInterfaceOrientationLandscapeLeft UIInterfaceOrientationLandscapeRight";
				INFOPLIST_KEY_UISupportedInterfaceOrientations_iPhone = "UIInterfaceOrientationPortrait UIInterfaceOrientationLandscapeLeft UIInterfaceOrientationLandscapeRight";
				LD_RUNPATH_SEARCH_PATHS = (
					"$(inherited)",
					"@executable_path/Frameworks",
				);
				MARKETING_VERSION = 1.0;
				PRODUCT_BUNDLE_IDENTIFIER = Imanov.Musicle;
				PRODUCT_NAME = "$(TARGET_NAME)";
				SWIFT_EMIT_LOC_STRINGS = YES;
				SWIFT_VERSION = 5.0;
				TARGETED_DEVICE_FAMILY = "1,2";
			};
			name = Release;
		};
/* End XCBuildConfiguration section */

/* Begin XCConfigurationList section */
		C6E8736A28E12286003E625D /* Build configuration list for PBXProject "Musicle" */ = {
			isa = XCConfigurationList;
			buildConfigurations = (
				C6E8737B28E12288003E625D /* Debug */,
				C6E8737C28E12288003E625D /* Release */,
			);
			defaultConfigurationIsVisible = 0;
			defaultConfigurationName = Release;
		};
		C6E8737D28E12288003E625D /* Build configuration list for PBXNativeTarget "Musicle" */ = {
			isa = XCConfigurationList;
			buildConfigurations = (
				C6E8737E28E12288003E625D /* Debug */,
				C6E8737F28E12288003E625D /* Release */,
			);
			defaultConfigurationIsVisible = 0;
			defaultConfigurationName = Release;
		};
/* End XCConfigurationList section */
	};
	rootObject = C6E8736728E12286003E625D /* Project object */;
}
